
Microsoft Visual Studio Solution File, Format Version 12.00
# Visual Studio Version 17
VisualStudioVersion = 17.0.32126.317
MinimumVisualStudioVersion = 10.0.40219.1
Project("{FAE04EC0-301F-11D3-BF4B-00C04F79EFBC}") = "WebAPI", "WebAPI\WebAPI.csproj", "{92937EEE-C451-4B88-9D7B-FD5EC4B4DEF7}"
EndProject
Global
	GlobalSection(SolutionConfigurationPlatforms) = preSolution
		Debug|Any CPU = Debug|Any CPU
		Release|Any CPU = Release|Any CPU
	EndGlobalSection
	GlobalSection(ProjectConfigurationPlatforms) = postSolution
		{92937EEE-C451-4B88-9D7B-FD5EC4B4DEF7}.Debug|Any CPU.ActiveCfg = Debug|Any CPU
		{92937EEE-C451-4B88-9D7B-FD5EC4B4DEF7}.Debug|Any CPU.Build.0 = Debug|Any CPU
		{92937EEE-C451-4B88-9D7B-FD5EC4B4DEF7}.Release|Any CPU.ActiveCfg = Release|Any CPU
		{92937EEE-C451-4B88-9D7B-FD5EC4B4DEF7}.Release|Any CPU.Build.0 = Release|Any CPU
	EndGlobalSection
	GlobalSection(SolutionProperties) = preSolution
		HideSolutionNode = FALSE
	EndGlobalSection
	GlobalSection(ExtensibilityGlobals) = postSolution
		SolutionGuid = {33DD18F6-3A3B-424C-A2AA-C50ADC99B65B}
	EndGlobalSection
EndGlobal
